
Microsoft Visual Studio Solution File, Format Version 12.00
# Visual Studio Version 17
VisualStudioVersion = 17.14.36121.58 d17.14
MinimumVisualStudioVersion = 10.0.40219.1
Project("{FAE04EC0-301F-11D3-BF4B-00C04F79EFBC}") = "CakeBuild", "CakeBuild\CakeBuild.csproj", "{9F1AEA79-A28A-4B7B-BF95-19C1683B3019}"
EndProject
Project("{FAE04EC0-301F-11D3-BF4B-00C04F79EFBC}") = "Multitools", "Multitools\Multitools.csproj", "{0AD2468A-90F5-497E-B8AC-47B606FF7E15}"
EndProject
Global
	GlobalSection(SolutionConfigurationPlatforms) = preSolution
		Debug|Any CPU = Debug|Any CPU
		Release|Any CPU = Release|Any CPU
	EndGlobalSection
	GlobalSection(ProjectConfigurationPlatforms) = postSolution
		{9F1AEA79-A28A-4B7B-BF95-19C1683B3019}.Debug|Any CPU.ActiveCfg = Debug|Any CPU
		{9F1AEA79-A28A-4B7B-BF95-19C1683B3019}.Debug|Any CPU.Build.0 = Debug|Any CPU
		{9F1AEA79-A28A-4B7B-BF95-19C1683B3019}.Release|Any CPU.ActiveCfg = Release|Any CPU
		{9F1AEA79-A28A-4B7B-BF95-19C1683B3019}.Release|Any CPU.Build.0 = Release|Any CPU
		{0AD2468A-90F5-497E-B8AC-47B606FF7E15}.Debug|Any CPU.ActiveCfg = Debug|Any CPU
		{0AD2468A-90F5-497E-B8AC-47B606FF7E15}.Debug|Any CPU.Build.0 = Debug|Any CPU
		{0AD2468A-90F5-497E-B8AC-47B606FF7E15}.Release|Any CPU.ActiveCfg = Release|Any CPU
		{0AD2468A-90F5-497E-B8AC-47B606FF7E15}.Release|Any CPU.Build.0 = Release|Any CPU
	EndGlobalSection
	GlobalSection(SolutionProperties) = preSolution
		HideSolutionNode = FALSE
	EndGlobalSection
	GlobalSection(ExtensibilityGlobals) = postSolution
		SolutionGuid = {ADF2E7A5-C637-47B4-84A8-7BA5C4A13EB0}
	EndGlobalSection
EndGlobal
